# THIS IS AN AUTOGENERATED FILE. DO NOT EDIT THIS FILE DIRECTLY.
# yarn lockfile v1
"@types/chai":
  version "3.4.34"
  resolved "https://registry.yarnpkg.com/@types/chai/-/chai-3.4.34.tgz#d5335792823bb09cddd5e38c3d211b709183854d"

rxjs@^5.0.0-rc.1:
  version "5.0.0-rc.2"
  resolved "https://registry.yarnpkg.com/rxjs/-/rxjs-5.0.0-rc.2.tgz#d38206f50eeb1e77b0832a74c1c2adeeed5ec2b7"
  dependencies:
    symbol-observable "^1.0.1"

symbol-observable@^1.0.1:
  version "1.0.4"
  resolved "https://registry.yarnpkg.com/symbol-observable/-/symbol-observable-1.0.4.tgz#29bf615d4aa7121bdd898b22d4b3f9bc4e2aa03d"

typescript@^2.0.6:
  version "2.0.7"
  resolved "https://registry.yarnpkg.com/typescript/-/typescript-2.0.7.tgz#efc39e8822e240d0b741d06ff86708137bcdb5e4"

